
Microsoft Visual Studio Solution File, Format Version 12.00
# Visual Studio Version 16
VisualStudioVersion = 16.0.32106.194
MinimumVisualStudioVersion = 10.0.40219.1
Project("{FAE04EC0-301F-11D3-BF4B-00C04F79EFBC}") = "GrospeJeffreyAssignment01", "GrospeJeffreyAssignment01\GrospeJeffreyAssignment01.csproj", "{086FBF03-FF9A-4EE6-B161-4D78C7079BDD}"
EndProject
Global
	GlobalSection(SolutionConfigurationPlatforms) = preSolution
		Debug|Any CPU = Debug|Any CPU
		Release|Any CPU = Release|Any CPU
	EndGlobalSection
	GlobalSection(ProjectConfigurationPlatforms) = postSolution
		{086FBF03-FF9A-4EE6-B161-4D78C7079BDD}.Debug|Any CPU.ActiveCfg = Debug|Any CPU
		{086FBF03-FF9A-4EE6-B161-4D78C7079BDD}.Debug|Any CPU.Build.0 = Debug|Any CPU
		{086FBF03-FF9A-4EE6-B161-4D78C7079BDD}.Release|Any CPU.ActiveCfg = Release|Any CPU
		{086FBF03-FF9A-4EE6-B161-4D78C7079BDD}.Release|Any CPU.Build.0 = Release|Any CPU
	EndGlobalSection
	GlobalSection(SolutionProperties) = preSolution
		HideSolutionNode = FALSE
	EndGlobalSection
	GlobalSection(ExtensibilityGlobals) = postSolution
		SolutionGuid = {B4BDF36E-6D38-43C0-8DA7-FDE0C70A9B1D}
	EndGlobalSection
EndGlobal
